// !$*UTF8*$!
{
	archiveVersion = 1;
	classes = {
	};
	objectVersion = 46;
	objects = {

/* Begin PBXBuildFile section */
		7D6BEAA11F643016008E8C16 /* AppDelegate.swift in Sources */ = {isa = PBXBuildFile; fileRef = 7D6BEAA01F643016008E8C16 /* AppDelegate.swift */; };
		7D6BEAA61F643016008E8C16 /* Main.storyboard in Resources */ = {isa = PBXBuildFile; fileRef = 7D6BEAA41F643016008E8C16 /* Main.storyboard */; };
		7D6BEAA81F643016008E8C16 /* Assets.xcassets in Resources */ = {isa = PBXBuildFile; fileRef = 7D6BEAA71F643016008E8C16 /* Assets.xcassets */; };
		7D6BEAAB1F643016008E8C16 /* LaunchScreen.storyboard in Resources */ = {isa = PBXBuildFile; fileRef = 7D6BEAA91F643016008E8C16 /* LaunchScreen.storyboard */; };
		7D6BEAB51F643040008E8C16 /* User.swift in Sources */ = {isa = PBXBuildFile; fileRef = 7D6BEAB41F643040008E8C16 /* User.swift */; };
		7D6BEAB71F643044008E8C16 /* School.swift in Sources */ = {isa = PBXBuildFile; fileRef = 7D6BEAB61F643044008E8C16 /* School.swift */; };
		7D6BEAB91F64304B008E8C16 /* Class.swift in Sources */ = {isa = PBXBuildFile; fileRef = 7D6BEAB81F64304B008E8C16 /* Class.swift */; };
		7D6BEABC1F64305E008E8C16 /* ChatViewController.swift in Sources */ = {isa = PBXBuildFile; fileRef = 7D6BEABB1F64305E008E8C16 /* ChatViewController.swift */; };
		7D6BEABE1F643063008E8C16 /* ChatTableViewCell.swift in Sources */ = {isa = PBXBuildFile; fileRef = 7D6BEABD1F643063008E8C16 /* ChatTableViewCell.swift */; };
		7D6BEAC01F643068008E8C16 /* ClassMessagesTableViewController.swift in Sources */ = {isa = PBXBuildFile; fileRef = 7D6BEABF1F643068008E8C16 /* ClassMessagesTableViewController.swift */; };
		7D6BEAC21F64306C008E8C16 /* ClassSearchViewController.swift in Sources */ = {isa = PBXBuildFile; fileRef = 7D6BEAC11F64306C008E8C16 /* ClassSearchViewController.swift */; };
		7D6BEAC41F643071008E8C16 /* LoginViewController.swift in Sources */ = {isa = PBXBuildFile; fileRef = 7D6BEAC31F643071008E8C16 /* LoginViewController.swift */; };
		7D6BEAC61F643444008E8C16 /* SignInViewController.swift in Sources */ = {isa = PBXBuildFile; fileRef = 7D6BEAC51F643444008E8C16 /* SignInViewController.swift */; };
		7D6BEAC81F64377C008E8C16 /* RegisterViewController.swift in Sources */ = {isa = PBXBuildFile; fileRef = 7D6BEAC71F64377C008E8C16 /* RegisterViewController.swift */; };
		7D6BEACB1F6437BC008E8C16 /* HoshiTextField.swift in Sources */ = {isa = PBXBuildFile; fileRef = 7D6BEAC91F6437BC008E8C16 /* HoshiTextField.swift */; };
		7D6BEACC1F6437BC008E8C16 /* TextFieldEffects.swift in Sources */ = {isa = PBXBuildFile; fileRef = 7D6BEACA1F6437BC008E8C16 /* TextFieldEffects.swift */; };
/* End PBXBuildFile section */

/* Begin PBXFileReference section */
		7D6BEA9D1F643016008E8C16 /* Classmate!.app */ = {isa = PBXFileReference; explicitFileType = wrapper.application; includeInIndex = 0; path = "Classmate!.app"; sourceTree = BUILT_PRODUCTS_DIR; };
		7D6BEAA01F643016008E8C16 /* AppDelegate.swift */ = {isa = PBXFileReference; lastKnownFileType = sourcecode.swift; path = AppDelegate.swift; sourceTree = "<group>"; };
		7D6BEAA51F643016008E8C16 /* Base */ = {isa = PBXFileReference; lastKnownFileType = file.storyboard; name = Base; path = Base.lproj/Main.storyboard; sourceTree = "<group>"; };
		7D6BEAA71F643016008E8C16 /* Assets.xcassets */ = {isa = PBXFileReference; lastKnownFileType = folder.assetcatalog; path = Assets.xcassets; sourceTree = "<group>"; };
		7D6BEAAA1F643016008E8C16 /* Base */ = {isa = PBXFileReference; lastKnownFileType = file.storyboard; name = Base; path = Base.lproj/LaunchScreen.storyboard; sourceTree = "<group>"; };
		7D6BEAAC1F643016008E8C16 /* Info.plist */ = {isa = PBXFileReference; lastKnownFileType = text.plist.xml; path = Info.plist; sourceTree = "<group>"; };
		7D6BEAB41F643040008E8C16 /* User.swift */ = {isa = PBXFileReference; fileEncoding = 4; lastKnownFileType = sourcecode.swift; path = User.swift; sourceTree = "<group>"; };
		7D6BEAB61F643044008E8C16 /* School.swift */ = {isa = PBXFileReference; fileEncoding = 4; lastKnownFileType = sourcecode.swift; path = School.swift; sourceTree = "<group>"; };
		7D6BEAB81F64304B008E8C16 /* Class.swift */ = {isa = PBXFileReference; fileEncoding = 4; lastKnownFileType = sourcecode.swift; path = Class.swift; sourceTree = "<group>"; };
		7D6BEABB1F64305E008E8C16 /* ChatViewController.swift */ = {isa = PBXFileReference; fileEncoding = 4; lastKnownFileType = sourcecode.swift; path = ChatViewController.swift; sourceTree = "<group>"; };
		7D6BEABD1F643063008E8C16 /* ChatTableViewCell.swift */ = {isa = PBXFileReference; fileEncoding = 4; lastKnownFileType = sourcecode.swift; path = ChatTableViewCell.swift; sourceTree = "<group>"; };
		7D6BEABF1F643068008E8C16 /* ClassMessagesTableViewController.swift */ = {isa = PBXFileReference; fileEncoding = 4; lastKnownFileType = sourcecode.swift; path = ClassMessagesTableViewController.swift; sourceTree = "<group>"; };
		7D6BEAC11F64306C008E8C16 /* ClassSearchViewController.swift */ = {isa = PBXFileReference; fileEncoding = 4; lastKnownFileType = sourcecode.swift; path = ClassSearchViewController.swift; sourceTree = "<group>"; };
		7D6BEAC31F643071008E8C16 /* LoginViewController.swift */ = {isa = PBXFileReference; fileEncoding = 4; lastKnownFileType = sourcecode.swift; path = LoginViewController.swift; sourceTree = "<group>"; };
		7D6BEAC51F643444008E8C16 /* SignInViewController.swift */ = {isa = PBXFileReference; fileEncoding = 4; lastKnownFileType = sourcecode.swift; path = SignInViewController.swift; sourceTree = "<group>"; };
		7D6BEAC71F64377C008E8C16 /* RegisterViewController.swift */ = {isa = PBXFileReference; fileEncoding = 4; lastKnownFileType = sourcecode.swift; path = RegisterViewController.swift; sourceTree = "<group>"; };
		7D6BEAC91F6437BC008E8C16 /* HoshiTextField.swift */ = {isa = PBXFileReference; fileEncoding = 4; lastKnownFileType = sourcecode.swift; path = HoshiTextField.swift; sourceTree = "<group>"; };
		7D6BEACA1F6437BC008E8C16 /* TextFieldEffects.swift */ = {isa = PBXFileReference; fileEncoding = 4; lastKnownFileType = sourcecode.swift; path = TextFieldEffects.swift; sourceTree = "<group>"; };
/* End PBXFileReference section */

/* Begin PBXFrameworksBuildPhase section */
		7D6BEA9A1F643016008E8C16 /* Frameworks */ = {
			isa = PBXFrameworksBuildPhase;
			buildActionMask = 2147483647;
			files = (
			);
			runOnlyForDeploymentPostprocessing = 0;
		};
/* End PBXFrameworksBuildPhase section */

/* Begin PBXGroup section */
		7D6BEA941F643016008E8C16 = {
			isa = PBXGroup;
			children = (
				7D6BEA9F1F643016008E8C16 /* Classmate! */,
				7D6BEA9E1F643016008E8C16 /* Products */,
			);
			sourceTree = "<group>";
		};
		7D6BEA9E1F643016008E8C16 /* Products */ = {
			isa = PBXGroup;
			children = (
				7D6BEA9D1F643016008E8C16 /* Classmate!.app */,
			);
			name = Products;
			sourceTree = "<group>";
		};
		7D6BEA9F1F643016008E8C16 /* Classmate! */ = {
			isa = PBXGroup;
			children = (
				7D6BEAA41F643016008E8C16 /* Main.storyboard */,
				7D6BEAB21F64301D008E8C16 /* Supporting Files */,
				7D6BEABA1F643051008E8C16 /* Controller */,
				7D6BEAB31F643034008E8C16 /* Model */,
				7D6BEACD1F64F2B2008E8C16 /* TextFields */,
			);
			path = "Classmate!";
			sourceTree = "<group>";
		};
		7D6BEAB21F64301D008E8C16 /* Supporting Files */ = {
			isa = PBXGroup;
			children = (
				7D6BEAA01F643016008E8C16 /* AppDelegate.swift */,
				7D6BEAA71F643016008E8C16 /* Assets.xcassets */,
				7D6BEAA91F643016008E8C16 /* LaunchScreen.storyboard */,
				7D6BEAAC1F643016008E8C16 /* Info.plist */,
			);
			name = "Supporting Files";
			sourceTree = "<group>";
		};
		7D6BEAB31F643034008E8C16 /* Model */ = {
			isa = PBXGroup;
			children = (
				7D6BEAB41F643040008E8C16 /* User.swift */,
				7D6BEAB61F643044008E8C16 /* School.swift */,
				7D6BEAB81F64304B008E8C16 /* Class.swift */,
			);
			name = Model;
			sourceTree = "<group>";
		};
		7D6BEABA1F643051008E8C16 /* Controller */ = {
			isa = PBXGroup;
			children = (
				7D6BEABB1F64305E008E8C16 /* ChatViewController.swift */,
				7D6BEABD1F643063008E8C16 /* ChatTableViewCell.swift */,
				7D6BEABF1F643068008E8C16 /* ClassMessagesTableViewController.swift */,
				7D6BEAC11F64306C008E8C16 /* ClassSearchViewController.swift */,
				7D6BEAC51F643444008E8C16 /* SignInViewController.swift */,
				7D6BEAC31F643071008E8C16 /* LoginViewController.swift */,
				7D6BEAC71F64377C008E8C16 /* RegisterViewController.swift */,
			);
			name = Controller;
			sourceTree = "<group>";
		};
		7D6BEACD1F64F2B2008E8C16 /* TextFields */ = {
			isa = PBXGroup;
			children = (
				7D6BEAC91F6437BC008E8C16 /* HoshiTextField.swift */,
				7D6BEACA1F6437BC008E8C16 /* TextFieldEffects.swift */,
			);
			name = TextFields;
			path = ..;
			sourceTree = "<group>";
		};
/* End PBXGroup section */

/* Begin PBXNativeTarget section */
		7D6BEA9C1F643016008E8C16 /* Classmate! */ = {
			isa = PBXNativeTarget;
			buildConfigurationList = 7D6BEAAF1F643016008E8C16 /* Build configuration list for PBXNativeTarget "Classmate!" */;
			buildPhases = (
				7D6BEA991F643016008E8C16 /* Sources */,
				7D6BEA9A1F643016008E8C16 /* Frameworks */,
				7D6BEA9B1F643016008E8C16 /* Resources */,
			);
			buildRules = (
			);
			dependencies = (
			);
			name = "Classmate!";
			productName = "Classmate!";
			productReference = 7D6BEA9D1F643016008E8C16 /* Classmate!.app */;
			productType = "com.apple.product-type.application";
		};
/* End PBXNativeTarget section */

/* Begin PBXProject section */
		7D6BEA951F643016008E8C16 /* Project object */ = {
			isa = PBXProject;
			attributes = {
				LastSwiftUpdateCheck = 0830;
				LastUpgradeCheck = 0830;
				ORGANIZATIONNAME = "Darshan Kalola";
				TargetAttributes = {
					7D6BEA9C1F643016008E8C16 = {
						CreatedOnToolsVersion = 8.3.3;
						DevelopmentTeam = 4TL2M8HU3X;
						ProvisioningStyle = Automatic;
					};
				};
			};
			buildConfigurationList = 7D6BEA981F643016008E8C16 /* Build configuration list for PBXProject "Classmate!" */;
			compatibilityVersion = "Xcode 3.2";
			developmentRegion = English;
			hasScannedForEncodings = 0;
			knownRegions = (
				en,
				Base,
			);
			mainGroup = 7D6BEA941F643016008E8C16;
			productRefGroup = 7D6BEA9E1F643016008E8C16 /* Products */;
			projectDirPath = "";
			projectRoot = "";
			targets = (
				7D6BEA9C1F643016008E8C16 /* Classmate! */,
			);
		};
/* End PBXProject section */

/* Begin PBXResourcesBuildPhase section */
		7D6BEA9B1F643016008E8C16 /* Resources */ = {
			isa = PBXResourcesBuildPhase;
			buildActionMask = 2147483647;
			files = (
				7D6BEAAB1F643016008E8C16 /* LaunchScreen.storyboard in Resources */,
				7D6BEAA81F643016008E8C16 /* Assets.xcassets in Resources */,
				7D6BEAA61F643016008E8C16 /* Main.storyboard in Resources */,
			);
			runOnlyForDeploymentPostprocessing = 0;
		};
/* End PBXResourcesBuildPhase section */

/* Begin PBXSourcesBuildPhase section */
		7D6BEA991F643016008E8C16 /* Sources */ = {
			isa = PBXSourcesBuildPhase;
			buildActionMask = 2147483647;
			files = (
				7D6BEACC1F6437BC008E8C16 /* TextFieldEffects.swift in Sources */,
				7D6BEAC61F643444008E8C16 /* SignInViewController.swift in Sources */,
				7D6BEAA11F643016008E8C16 /* AppDelegate.swift in Sources */,
				7D6BEAC81F64377C008E8C16 /* RegisterViewController.swift in Sources */,
				7D6BEAB51F643040008E8C16 /* User.swift in Sources */,
				7D6BEAB91F64304B008E8C16 /* Class.swift in Sources */,
				7D6BEABE1F643063008E8C16 /* ChatTableViewCell.swift in Sources */,
				7D6BEABC1F64305E008E8C16 /* ChatViewController.swift in Sources */,
				7D6BEAC01F643068008E8C16 /* ClassMessagesTableViewController.swift in Sources */,
				7D6BEAB71F643044008E8C16 /* School.swift in Sources */,
				7D6BEAC41F643071008E8C16 /* LoginViewController.swift in Sources */,
				7D6BEACB1F6437BC008E8C16 /* HoshiTextField.swift in Sources */,
				7D6BEAC21F64306C008E8C16 /* ClassSearchViewController.swift in Sources */,
			);
			runOnlyForDeploymentPostprocessing = 0;
		};
/* End PBXSourcesBuildPhase section */

/* Begin PBXVariantGroup section */
		7D6BEAA41F643016008E8C16 /* Main.storyboard */ = {
			isa = PBXVariantGroup;
			children = (
				7D6BEAA51F643016008E8C16 /* Base */,
			);
			name = Main.storyboard;
			sourceTree = "<group>";
		};
		7D6BEAA91F643016008E8C16 /* LaunchScreen.storyboard */ = {
			isa = PBXVariantGroup;
			children = (
				7D6BEAAA1F643016008E8C16 /* Base */,
			);
			name = LaunchScreen.storyboard;
			sourceTree = "<group>";
		};
/* End PBXVariantGroup section */

/* Begin XCBuildConfiguration section */
		7D6BEAAD1F643016008E8C16 /* Debug */ = {
			isa = XCBuildConfiguration;
			buildSettings = {
				ALWAYS_SEARCH_USER_PATHS = NO;
				CLANG_ANALYZER_NONNULL = YES;
				CLANG_ANALYZER_NUMBER_OBJECT_CONVERSION = YES_AGGRESSIVE;
				CLANG_CXX_LANGUAGE_STANDARD = "gnu++0x";
				CLANG_CXX_LIBRARY = "libc++";
				CLANG_ENABLE_MODULES = YES;
				CLANG_ENABLE_OBJC_ARC = YES;
				CLANG_WARN_BOOL_CONVERSION = YES;
				CLANG_WARN_CONSTANT_CONVERSION = YES;
				CLANG_WARN_DIRECT_OBJC_ISA_USAGE = YES_ERROR;
				CLANG_WARN_DOCUMENTATION_COMMENTS = YES;
				CLANG_WARN_EMPTY_BODY = YES;
				CLANG_WARN_ENUM_CONVERSION = YES;
				CLANG_WARN_INFINITE_RECURSION = YES;
				CLANG_WARN_INT_CONVERSION = YES;
				CLANG_WARN_OBJC_ROOT_CLASS = YES_ERROR;
				CLANG_WARN_SUSPICIOUS_MOVE = YES;
				CLANG_WARN_UNREACHABLE_CODE = YES;
				CLANG_WARN__DUPLICATE_METHOD_MATCH = YES;
				"CODE_SIGN_IDENTITY[sdk=iphoneos*]" = "iPhone Developer";
				COPY_PHASE_STRIP = NO;
				DEBUG_INFORMATION_FORMAT = dwarf;
				ENABLE_STRICT_OBJC_MSGSEND = YES;
				ENABLE_TESTABILITY = YES;
				GCC_C_LANGUAGE_STANDARD = gnu99;
				GCC_DYNAMIC_NO_PIC = NO;
				GCC_NO_COMMON_BLOCKS = YES;
				GCC_OPTIMIZATION_LEVEL = 0;
				GCC_PREPROCESSOR_DEFINITIONS = (
					"DEBUG=1",
					"$(inherited)",
				);
				GCC_WARN_64_TO_32_BIT_CONVERSION = YES;
				GCC_WARN_ABOUT_RETURN_TYPE = YES_ERROR;
				GCC_WARN_UNDECLARED_SELECTOR = YES;
				GCC_WARN_UNINITIALIZED_AUTOS = YES_AGGRESSIVE;
				GCC_WARN_UNUSED_FUNCTION = YES;
				GCC_WARN_UNUSED_VARIABLE = YES;
				IPHONEOS_DEPLOYMENT_TARGET = 10.3;
				MTL_ENABLE_DEBUG_INFO = YES;
				ONLY_ACTIVE_ARCH = YES;
				SDKROOT = iphoneos;
				SWIFT_ACTIVE_COMPILATION_CONDITIONS = DEBUG;
				SWIFT_OPTIMIZATION_LEVEL = "-Onone";
			};
			name = Debug;
		};
		7D6BEAAE1F643016008E8C16 /* Release */ = {
			isa = XCBuildConfiguration;
			buildSettings = {
				ALWAYS_SEARCH_USER_PATHS = NO;
				CLANG_ANALYZER_NONNULL = YES;
				CLANG_ANALYZER_NUMBER_OBJECT_CONVERSION = YES_AGGRESSIVE;
				CLANG_CXX_LANGUAGE_STANDARD = "gnu++0x";
				CLANG_CXX_LIBRARY = "libc++";
				CLANG_ENABLE_MODULES = YES;
				CLANG_ENABLE_OBJC_ARC = YES;
				CLANG_WARN_BOOL_CONVERSION = YES;
				CLANG_WARN_CONSTANT_CONVERSION = YES;
				CLANG_WARN_DIRECT_OBJC_ISA_USAGE = YES_ERROR;
				CLANG_WARN_DOCUMENTATION_COMMENTS = YES;
				CLANG_WARN_EMPTY_BODY = YES;
				CLANG_WARN_ENUM_CONVERSION = YES;
				CLANG_WARN_INFINITE_RECURSION = YES;
				CLANG_WARN_INT_CONVERSION = YES;
				CLANG_WARN_OBJC_ROOT_CLASS = YES_ERROR;
				CLANG_WARN_SUSPICIOUS_MOVE = YES;
				CLANG_WARN_UNREACHABLE_CODE = YES;
				CLANG_WARN__DUPLICATE_METHOD_MATCH = YES;
				"CODE_SIGN_IDENTITY[sdk=iphoneos*]" = "iPhone Developer";
				COPY_PHASE_STRIP = NO;
				DEBUG_INFORMATION_FORMAT = "dwarf-with-dsym";
				ENABLE_NS_ASSERTIONS = NO;
				ENABLE_STRICT_OBJC_MSGSEND = YES;
				GCC_C_LANGUAGE_STANDARD = gnu99;
				GCC_NO_COMMON_BLOCKS = YES;
				GCC_WARN_64_TO_32_BIT_CONVERSION = YES;
				GCC_WARN_ABOUT_RETURN_TYPE = YES_ERROR;
				GCC_WARN_UNDECLARED_SELECTOR = YES;
				GCC_WARN_UNINITIALIZED_AUTOS = YES_AGGRESSIVE;
				GCC_WARN_UNUSED_FUNCTION = YES;
				GCC_WARN_UNUSED_VARIABLE = YES;
				IPHONEOS_DEPLOYMENT_TARGET = 10.3;
				MTL_ENABLE_DEBUG_INFO = NO;
				SDKROOT = iphoneos;
				SWIFT_OPTIMIZATION_LEVEL = "-Owholemodule";
				VALIDATE_PRODUCT = YES;
			};
			name = Release;
		};
		7D6BEAB01F643016008E8C16 /* Debug */ = {
			isa = XCBuildConfiguration;
			buildSettings = {
				ASSETCATALOG_COMPILER_APPICON_NAME = AppIcon;
				DEVELOPMENT_TEAM = 4TL2M8HU3X;
				INFOPLIST_FILE = "Classmate!/Info.plist";
				LD_RUNPATH_SEARCH_PATHS = "$(inherited) @executable_path/Frameworks";
				PRODUCT_BUNDLE_IDENTIFIER = "com.darshan.Classmate-";
				PRODUCT_NAME = "$(TARGET_NAME)";
				SWIFT_VERSION = 3.0;
			};
			name = Debug;
		};
		7D6BEAB11F643016008E8C16 /* Release */ = {
			isa = XCBuildConfiguration;
			buildSettings = {
				ASSETCATALOG_COMPILER_APPICON_NAME = AppIcon;
				DEVELOPMENT_TEAM = 4TL2M8HU3X;
				INFOPLIST_FILE = "Classmate!/Info.plist";
				LD_RUNPATH_SEARCH_PATHS = "$(inherited) @executable_path/Frameworks";
				PRODUCT_BUNDLE_IDENTIFIER = "com.darshan.Classmate-";
				PRODUCT_NAME = "$(TARGET_NAME)";
				SWIFT_VERSION = 3.0;
			};
			name = Release;
		};
/* End XCBuildConfiguration section */

/* Begin XCConfigurationList section */
		7D6BEA981F643016008E8C16 /* Build configuration list for PBXProject "Classmate!" */ = {
			isa = XCConfigurationList;
			buildConfigurations = (
				7D6BEAAD1F643016008E8C16 /* Debug */,
				7D6BEAAE1F643016008E8C16 /* Release */,
			);
			defaultConfigurationIsVisible = 0;
			defaultConfigurationName = Release;
		};
		7D6BEAAF1F643016008E8C16 /* Build configuration list for PBXNativeTarget "Classmate!" */ = {
			isa = XCConfigurationList;
			buildConfigurations = (
				7D6BEAB01F643016008E8C16 /* Debug */,
				7D6BEAB11F643016008E8C16 /* Release */,
			);
			defaultConfigurationIsVisible = 0;
			defaultConfigurationName = Release;
		};
/* End XCConfigurationList section */
	};
	rootObject = 7D6BEA951F643016008E8C16 /* Project object */;
}
